
Microsoft Visual Studio Solution File, Format Version 12.00
# Visual Studio Version 17
VisualStudioVersion = 17.4.33205.214
MinimumVisualStudioVersion = 10.0.40219.1
Project("{9A19103F-16F7-4668-BE54-9A1E7A4F7556}") = "ControleDeContatos", "ControleDeContatos\ControleDeContatos.csproj", "{EFCF2CA9-AE59-43D3-BBDA-AA8BD2E6ABEC}"
EndProject
Project("{9A19103F-16F7-4668-BE54-9A1E7A4F7556}") = "Infrastructure", "src\Data\Infrastructure.csproj", "{0F684F13-3532-462D-BF8F-BF687FF4D941}"
EndProject
Project("{9A19103F-16F7-4668-BE54-9A1E7A4F7556}") = "Domain", "src\Domain\Domain.csproj", "{92D56239-5A43-465E-AAC8-6197AD69E0D7}"
EndProject
Project("{FAE04EC0-301F-11D3-BF4B-00C04F79EFBC}") = "Services", "src\Services\Services.csproj", "{B0380D73-1136-40EA-8496-448103E5355A}"
EndProject
Global
	GlobalSection(SolutionConfigurationPlatforms) = preSolution
		Debug|Any CPU = Debug|Any CPU
		Release|Any CPU = Release|Any CPU
	EndGlobalSection
	GlobalSection(ProjectConfigurationPlatforms) = postSolution
		{EFCF2CA9-AE59-43D3-BBDA-AA8BD2E6ABEC}.Debug|Any CPU.ActiveCfg = Debug|Any CPU
		{EFCF2CA9-AE59-43D3-BBDA-AA8BD2E6ABEC}.Debug|Any CPU.Build.0 = Debug|Any CPU
		{EFCF2CA9-AE59-43D3-BBDA-AA8BD2E6ABEC}.Release|Any CPU.ActiveCfg = Release|Any CPU
		{EFCF2CA9-AE59-43D3-BBDA-AA8BD2E6ABEC}.Release|Any CPU.Build.0 = Release|Any CPU
		{0F684F13-3532-462D-BF8F-BF687FF4D941}.Debug|Any CPU.ActiveCfg = Debug|Any CPU
		{0F684F13-3532-462D-BF8F-BF687FF4D941}.Debug|Any CPU.Build.0 = Debug|Any CPU
		{0F684F13-3532-462D-BF8F-BF687FF4D941}.Release|Any CPU.ActiveCfg = Release|Any CPU
		{0F684F13-3532-462D-BF8F-BF687FF4D941}.Release|Any CPU.Build.0 = Release|Any CPU
		{92D56239-5A43-465E-AAC8-6197AD69E0D7}.Debug|Any CPU.ActiveCfg = Debug|Any CPU
		{92D56239-5A43-465E-AAC8-6197AD69E0D7}.Debug|Any CPU.Build.0 = Debug|Any CPU
		{92D56239-5A43-465E-AAC8-6197AD69E0D7}.Release|Any CPU.ActiveCfg = Release|Any CPU
		{92D56239-5A43-465E-AAC8-6197AD69E0D7}.Release|Any CPU.Build.0 = Release|Any CPU
		{B0380D73-1136-40EA-8496-448103E5355A}.Debug|Any CPU.ActiveCfg = Debug|Any CPU
		{B0380D73-1136-40EA-8496-448103E5355A}.Debug|Any CPU.Build.0 = Debug|Any CPU
		{B0380D73-1136-40EA-8496-448103E5355A}.Release|Any CPU.ActiveCfg = Release|Any CPU
		{B0380D73-1136-40EA-8496-448103E5355A}.Release|Any CPU.Build.0 = Release|Any CPU
	EndGlobalSection
	GlobalSection(SolutionProperties) = preSolution
		HideSolutionNode = FALSE
	EndGlobalSection
	GlobalSection(ExtensibilityGlobals) = postSolution
		SolutionGuid = {DE686FCA-6B21-4F2C-88C6-39DF37A0C05E}
	EndGlobalSection
EndGlobal
